
Microsoft Visual Studio Solution File, Format Version 12.00
# Visual Studio Version 16
VisualStudioVersion = 16.0.31205.134
MinimumVisualStudioVersion = 10.0.40219.1
Project("{FAE04EC0-301F-11D3-BF4B-00C04F79EFBC}") = "Aula60", "Aula60.csproj", "{1CCBEC98-A025-413F-8B8C-96AB507BB000}"
EndProject
Global
	GlobalSection(SolutionConfigurationPlatforms) = preSolution
		Debug|Any CPU = Debug|Any CPU
		Release|Any CPU = Release|Any CPU
	EndGlobalSection
	GlobalSection(ProjectConfigurationPlatforms) = postSolution
		{1CCBEC98-A025-413F-8B8C-96AB507BB000}.Debug|Any CPU.ActiveCfg = Debug|Any CPU
		{1CCBEC98-A025-413F-8B8C-96AB507BB000}.Debug|Any CPU.Build.0 = Debug|Any CPU
		{1CCBEC98-A025-413F-8B8C-96AB507BB000}.Release|Any CPU.ActiveCfg = Release|Any CPU
		{1CCBEC98-A025-413F-8B8C-96AB507BB000}.Release|Any CPU.Build.0 = Release|Any CPU
	EndGlobalSection
	GlobalSection(SolutionProperties) = preSolution
		HideSolutionNode = FALSE
	EndGlobalSection
	GlobalSection(ExtensibilityGlobals) = postSolution
		SolutionGuid = {8F0171A6-76BD-475F-9CE9-2398723CBA92}
	EndGlobalSection
EndGlobal
