
Microsoft Visual Studio Solution File, Format Version 12.00
# Visual Studio Version 16
VisualStudioVersion = 16.0.31205.134
MinimumVisualStudioVersion = 10.0.40219.1
Project("{FAE04EC0-301F-11D3-BF4B-00C04F79EFBC}") = "Saraiva_Academia", "Saraiva_Academia.csproj", "{6F650DBB-DA1E-4233-BC05-610475FDA17E}"
EndProject
Project("{54435603-DBB4-11D2-8724-00A0C9A8B90C}") = "Instalador_SaraivaAcademia", "Instalador\Instalador_SaraivaAcademia\Instalador_SaraivaAcademia.vdproj", "{45AE6FA9-644A-4D7E-A661-FE8DBEC36D20}"
EndProject
Global
	GlobalSection(SolutionConfigurationPlatforms) = preSolution
		Debug|Any CPU = Debug|Any CPU
		Release|Any CPU = Release|Any CPU
	EndGlobalSection
	GlobalSection(ProjectConfigurationPlatforms) = postSolution
		{6F650DBB-DA1E-4233-BC05-610475FDA17E}.Debug|Any CPU.ActiveCfg = Debug|Any CPU
		{6F650DBB-DA1E-4233-BC05-610475FDA17E}.Debug|Any CPU.Build.0 = Debug|Any CPU
		{6F650DBB-DA1E-4233-BC05-610475FDA17E}.Release|Any CPU.ActiveCfg = Release|Any CPU
		{6F650DBB-DA1E-4233-BC05-610475FDA17E}.Release|Any CPU.Build.0 = Release|Any CPU
		{45AE6FA9-644A-4D7E-A661-FE8DBEC36D20}.Debug|Any CPU.ActiveCfg = Debug
		{45AE6FA9-644A-4D7E-A661-FE8DBEC36D20}.Release|Any CPU.ActiveCfg = Release
	EndGlobalSection
	GlobalSection(SolutionProperties) = preSolution
		HideSolutionNode = FALSE
	EndGlobalSection
	GlobalSection(ExtensibilityGlobals) = postSolution
		SolutionGuid = {160D03C8-6FEC-4D66-AF1C-502AEE2B0A56}
	EndGlobalSection
EndGlobal
