
Microsoft Visual Studio Solution File, Format Version 12.00
# Visual Studio Version 16
VisualStudioVersion = 16.0.31205.134
MinimumVisualStudioVersion = 10.0.40219.1
Project("{FAE04EC0-301F-11D3-BF4B-00C04F79EFBC}") = "Aula62-TextBox", "Aula62-TextBox.csproj", "{62957F4D-55DD-415D-B47C-E0025528F61F}"
EndProject
Global
	GlobalSection(SolutionConfigurationPlatforms) = preSolution
		Debug|Any CPU = Debug|Any CPU
		Release|Any CPU = Release|Any CPU
	EndGlobalSection
	GlobalSection(ProjectConfigurationPlatforms) = postSolution
		{62957F4D-55DD-415D-B47C-E0025528F61F}.Debug|Any CPU.ActiveCfg = Debug|Any CPU
		{62957F4D-55DD-415D-B47C-E0025528F61F}.Debug|Any CPU.Build.0 = Debug|Any CPU
		{62957F4D-55DD-415D-B47C-E0025528F61F}.Release|Any CPU.ActiveCfg = Release|Any CPU
		{62957F4D-55DD-415D-B47C-E0025528F61F}.Release|Any CPU.Build.0 = Release|Any CPU
	EndGlobalSection
	GlobalSection(SolutionProperties) = preSolution
		HideSolutionNode = FALSE
	EndGlobalSection
	GlobalSection(ExtensibilityGlobals) = postSolution
		SolutionGuid = {D672834B-9CDA-49F8-A17E-D7073C15E325}
	EndGlobalSection
EndGlobal
